
Microsoft Visual Studio Solution File, Format Version 12.00
# Visual Studio Version 16
VisualStudioVersion = 16.0.31515.178
MinimumVisualStudioVersion = 10.0.40219.1
Project("{8BC9CEB8-8B4A-11D0-8D11-00A0C91BC942}") = "01_Operations", "FunctionsArraysVectors\FunctionsArraysVectors.vcxproj", "{0FE5CAE8-0FF6-463C-9EC9-7C18C11DE4EC}"
EndProject
Project("{8BC9CEB8-8B4A-11D0-8D11-00A0C91BC942}") = "02_IndexOf", "02_IndexOf\02_IndexOf.vcxproj", "{F3E19DCB-0EA4-4E29-B754-702A167A56F7}"
EndProject
Project("{8BC9CEB8-8B4A-11D0-8D11-00A0C91BC942}") = "03_Remove", "03_Remove\03_Remove.vcxproj", "{78D5135E-4144-4478-B5DB-A805B630416F}"
EndProject
Project("{8BC9CEB8-8B4A-11D0-8D11-00A0C91BC942}") = "04_Noise", "04_Noise\04_Noise.vcxproj", "{ED77EEF7-5683-4341-A3B7-4C7C3E75372F}"
EndProject
Project("{8BC9CEB8-8B4A-11D0-8D11-00A0C91BC942}") = "05_NoiseTestGenerator", "05_NoiseTestGenerator\05_NoiseTestGenerator.vcxproj", "{ACA39BE6-B955-4553-98BF-6BDC4E7DDF71}"
EndProject
Project("{8BC9CEB8-8B4A-11D0-8D11-00A0C91BC942}") = "06_TriplesOfLatinLetters", "06_TriplesOfLatinLetters\06_TriplesOfLatinLetters.vcxproj", "{4024D1D3-6679-4FE4-A333-055B34784888}"
EndProject
Project("{8BC9CEB8-8B4A-11D0-8D11-00A0C91BC942}") = "07_PrintNameOfNumber", "07_PrintNameOfNumber\07_PrintNameOfNumber.vcxproj", "{9DA12649-72C4-4411-9BD1-A094BF65277A}"
EndProject
Project("{8BC9CEB8-8B4A-11D0-8D11-00A0C91BC942}") = "08_MultiplyEvensSymByOddsSum", "08_MultiplyEvensSymByOddsSum\08_MultiplyEvensSymByOddsSum.vcxproj", "{09581628-A0BC-4F2D-A36C-72E13C0613FB}"
EndProject
Project("{8BC9CEB8-8B4A-11D0-8D11-00A0C91BC942}") = "09_SumAdjacentEqualNumbers", "09_SumAdjacentEqualNumbers\09_SumAdjacentEqualNumbers.vcxproj", "{AC9552FC-B985-44AC-B0D6-6CF216CD3055}"
EndProject
Global
	GlobalSection(SolutionConfigurationPlatforms) = preSolution
		Debug|x64 = Debug|x64
		Debug|x86 = Debug|x86
		Release|x64 = Release|x64
		Release|x86 = Release|x86
	EndGlobalSection
	GlobalSection(ProjectConfigurationPlatforms) = postSolution
		{0FE5CAE8-0FF6-463C-9EC9-7C18C11DE4EC}.Debug|x64.ActiveCfg = Debug|x64
		{0FE5CAE8-0FF6-463C-9EC9-7C18C11DE4EC}.Debug|x64.Build.0 = Debug|x64
		{0FE5CAE8-0FF6-463C-9EC9-7C18C11DE4EC}.Debug|x86.ActiveCfg = Debug|Win32
		{0FE5CAE8-0FF6-463C-9EC9-7C18C11DE4EC}.Debug|x86.Build.0 = Debug|Win32
		{0FE5CAE8-0FF6-463C-9EC9-7C18C11DE4EC}.Release|x64.ActiveCfg = Release|x64
		{0FE5CAE8-0FF6-463C-9EC9-7C18C11DE4EC}.Release|x64.Build.0 = Release|x64
		{0FE5CAE8-0FF6-463C-9EC9-7C18C11DE4EC}.Release|x86.ActiveCfg = Release|Win32
		{0FE5CAE8-0FF6-463C-9EC9-7C18C11DE4EC}.Release|x86.Build.0 = Release|Win32
		{F3E19DCB-0EA4-4E29-B754-702A167A56F7}.Debug|x64.ActiveCfg = Debug|x64
		{F3E19DCB-0EA4-4E29-B754-702A167A56F7}.Debug|x64.Build.0 = Debug|x64
		{F3E19DCB-0EA4-4E29-B754-702A167A56F7}.Debug|x86.ActiveCfg = Debug|Win32
		{F3E19DCB-0EA4-4E29-B754-702A167A56F7}.Debug|x86.Build.0 = Debug|Win32
		{F3E19DCB-0EA4-4E29-B754-702A167A56F7}.Release|x64.ActiveCfg = Release|x64
		{F3E19DCB-0EA4-4E29-B754-702A167A56F7}.Release|x64.Build.0 = Release|x64
		{F3E19DCB-0EA4-4E29-B754-702A167A56F7}.Release|x86.ActiveCfg = Release|Win32
		{F3E19DCB-0EA4-4E29-B754-702A167A56F7}.Release|x86.Build.0 = Release|Win32
		{78D5135E-4144-4478-B5DB-A805B630416F}.Debug|x64.ActiveCfg = Debug|x64
		{78D5135E-4144-4478-B5DB-A805B630416F}.Debug|x64.Build.0 = Debug|x64
		{78D5135E-4144-4478-B5DB-A805B630416F}.Debug|x86.ActiveCfg = Debug|Win32
		{78D5135E-4144-4478-B5DB-A805B630416F}.Debug|x86.Build.0 = Debug|Win32
		{78D5135E-4144-4478-B5DB-A805B630416F}.Release|x64.ActiveCfg = Release|x64
		{78D5135E-4144-4478-B5DB-A805B630416F}.Release|x64.Build.0 = Release|x64
		{78D5135E-4144-4478-B5DB-A805B630416F}.Release|x86.ActiveCfg = Release|Win32
		{78D5135E-4144-4478-B5DB-A805B630416F}.Release|x86.Build.0 = Release|Win32
		{ED77EEF7-5683-4341-A3B7-4C7C3E75372F}.Debug|x64.ActiveCfg = Debug|x64
		{ED77EEF7-5683-4341-A3B7-4C7C3E75372F}.Debug|x64.Build.0 = Debug|x64
		{ED77EEF7-5683-4341-A3B7-4C7C3E75372F}.Debug|x86.ActiveCfg = Debug|Win32
		{ED77EEF7-5683-4341-A3B7-4C7C3E75372F}.Debug|x86.Build.0 = Debug|Win32
		{ED77EEF7-5683-4341-A3B7-4C7C3E75372F}.Release|x64.ActiveCfg = Release|x64
		{ED77EEF7-5683-4341-A3B7-4C7C3E75372F}.Release|x64.Build.0 = Release|x64
		{ED77EEF7-5683-4341-A3B7-4C7C3E75372F}.Release|x86.ActiveCfg = Release|Win32
		{ED77EEF7-5683-4341-A3B7-4C7C3E75372F}.Release|x86.Build.0 = Release|Win32
		{ACA39BE6-B955-4553-98BF-6BDC4E7DDF71}.Debug|x64.ActiveCfg = Debug|x64
		{ACA39BE6-B955-4553-98BF-6BDC4E7DDF71}.Debug|x64.Build.0 = Debug|x64
		{ACA39BE6-B955-4553-98BF-6BDC4E7DDF71}.Debug|x86.ActiveCfg = Debug|Win32
		{ACA39BE6-B955-4553-98BF-6BDC4E7DDF71}.Debug|x86.Build.0 = Debug|Win32
		{ACA39BE6-B955-4553-98BF-6BDC4E7DDF71}.Release|x64.ActiveCfg = Release|x64
		{ACA39BE6-B955-4553-98BF-6BDC4E7DDF71}.Release|x64.Build.0 = Release|x64
		{ACA39BE6-B955-4553-98BF-6BDC4E7DDF71}.Release|x86.ActiveCfg = Release|Win32
		{ACA39BE6-B955-4553-98BF-6BDC4E7DDF71}.Release|x86.Build.0 = Release|Win32
		{4024D1D3-6679-4FE4-A333-055B34784888}.Debug|x64.ActiveCfg = Debug|x64
		{4024D1D3-6679-4FE4-A333-055B34784888}.Debug|x64.Build.0 = Debug|x64
		{4024D1D3-6679-4FE4-A333-055B34784888}.Debug|x86.ActiveCfg = Debug|Win32
		{4024D1D3-6679-4FE4-A333-055B34784888}.Debug|x86.Build.0 = Debug|Win32
		{4024D1D3-6679-4FE4-A333-055B34784888}.Release|x64.ActiveCfg = Release|x64
		{4024D1D3-6679-4FE4-A333-055B34784888}.Release|x64.Build.0 = Release|x64
		{4024D1D3-6679-4FE4-A333-055B34784888}.Release|x86.ActiveCfg = Release|Win32
		{4024D1D3-6679-4FE4-A333-055B34784888}.Release|x86.Build.0 = Release|Win32
		{9DA12649-72C4-4411-9BD1-A094BF65277A}.Debug|x64.ActiveCfg = Debug|x64
		{9DA12649-72C4-4411-9BD1-A094BF65277A}.Debug|x64.Build.0 = Debug|x64
		{9DA12649-72C4-4411-9BD1-A094BF65277A}.Debug|x86.ActiveCfg = Debug|Win32
		{9DA12649-72C4-4411-9BD1-A094BF65277A}.Debug|x86.Build.0 = Debug|Win32
		{9DA12649-72C4-4411-9BD1-A094BF65277A}.Release|x64.ActiveCfg = Release|x64
		{9DA12649-72C4-4411-9BD1-A094BF65277A}.Release|x64.Build.0 = Release|x64
		{9DA12649-72C4-4411-9BD1-A094BF65277A}.Release|x86.ActiveCfg = Release|Win32
		{9DA12649-72C4-4411-9BD1-A094BF65277A}.Release|x86.Build.0 = Release|Win32
		{09581628-A0BC-4F2D-A36C-72E13C0613FB}.Debug|x64.ActiveCfg = Debug|x64
		{09581628-A0BC-4F2D-A36C-72E13C0613FB}.Debug|x64.Build.0 = Debug|x64
		{09581628-A0BC-4F2D-A36C-72E13C0613FB}.Debug|x86.ActiveCfg = Debug|Win32
		{09581628-A0BC-4F2D-A36C-72E13C0613FB}.Debug|x86.Build.0 = Debug|Win32
		{09581628-A0BC-4F2D-A36C-72E13C0613FB}.Release|x64.ActiveCfg = Release|x64
		{09581628-A0BC-4F2D-A36C-72E13C0613FB}.Release|x64.Build.0 = Release|x64
		{09581628-A0BC-4F2D-A36C-72E13C0613FB}.Release|x86.ActiveCfg = Release|Win32
		{09581628-A0BC-4F2D-A36C-72E13C0613FB}.Release|x86.Build.0 = Release|Win32
		{AC9552FC-B985-44AC-B0D6-6CF216CD3055}.Debug|x64.ActiveCfg = Debug|x64
		{AC9552FC-B985-44AC-B0D6-6CF216CD3055}.Debug|x64.Build.0 = Debug|x64
		{AC9552FC-B985-44AC-B0D6-6CF216CD3055}.Debug|x86.ActiveCfg = Debug|Win32
		{AC9552FC-B985-44AC-B0D6-6CF216CD3055}.Debug|x86.Build.0 = Debug|Win32
		{AC9552FC-B985-44AC-B0D6-6CF216CD3055}.Release|x64.ActiveCfg = Release|x64
		{AC9552FC-B985-44AC-B0D6-6CF216CD3055}.Release|x64.Build.0 = Release|x64
		{AC9552FC-B985-44AC-B0D6-6CF216CD3055}.Release|x86.ActiveCfg = Release|Win32
		{AC9552FC-B985-44AC-B0D6-6CF216CD3055}.Release|x86.Build.0 = Release|Win32
	EndGlobalSection
	GlobalSection(SolutionProperties) = preSolution
		HideSolutionNode = FALSE
	EndGlobalSection
	GlobalSection(ExtensibilityGlobals) = postSolution
		SolutionGuid = {1A6840FC-5ED1-44C2-B16A-F67EF9227276}
	EndGlobalSection
EndGlobal
